# This file was autogenerated by Stack.
# You should not edit this file by hand.
# For more information, please see the documentation at:
#   https://docs.haskellstack.org/en/stable/lock_files

packages:
- completed:
    hackage: api-builder-0.14.0.0@sha256:e1ed56c158052453c6d478e5421db542de66a5c9a86c0f21cc2dea0e1f08776b,2173
    pantry-tree:
      sha256: dbf7efb204e921ab7496a2cb7b8b07a0aa31ec7efa6b3ac87cf2199806aa46cd
      size: 1008
  original:
    hackage: api-builder-0.14.0.0
- completed:
    hackage: free-4.12.4@sha256:c014d770f289f8afa7a4b7ff167dda84b8b4c341ab5c76088538735d575ab13e,3371
    pantry-tree:
      sha256: 44382c6d6cd9ac6df5a259ddf5e9b2d2a2c0f7b8a1aff5596ab62dabb85626d6
      size: 2812
  original:
    hackage: free-4.12.4
- completed:
    hackage: http-types-0.10@sha256:e9df90cf158063de3be48a6ebe7803ea3afbbc39db701fe87e0b6315eb834963,2127
    pantry-tree:
      sha256: acaba44433561925408898a22a9dceb354cb743de80d77255cfb75ccc33e95e5
      size: 832
  original:
    hackage: http-types-0.10
- completed:
    hackage: reddit-0.2.2.2@sha256:3614b747b31beed59ef02a4c4267ec3b5f3d017772c4c911f7924e991ba2e51f,4140
    pantry-tree:
      sha256: dd4b6a8fda836122d8dcd668008df78b6323dcc071faabbfc0d9f690e451e9ce
      size: 3851
  original:
    hackage: reddit-0.2.2.2
snapshots:
- completed:
    sha256: 16bf823de040aa30863f26aab473f13477721aa0172514fc9b4041724b0534fb
    size: 506654
    url: https://raw.githubusercontent.com/commercialhaskell/stackage-snapshots/master/lts/11/2.yaml
  original: lts-11.2
